
Microsoft Visual Studio Solution File, Format Version 11.00
# Visual Studio 2010
Project("{8BC9CEB8-8B4A-11D0-8D11-00A0C91BC942}") = "True Type Text", "True Type Text.vcxproj", "{88A7044B-487B-4D42-9A51-10F4B9451811}"
EndProject
Global
	GlobalSection(SolutionConfigurationPlatforms) = preSolution
		Debug|Win32 = Debug|Win32
		Release|Win32 = Release|Win32
	EndGlobalSection
	GlobalSection(ProjectConfigurationPlatforms) = postSolution
		{88A7044B-487B-4D42-9A51-10F4B9451811}.Debug|Win32.ActiveCfg = Debug|Win32
		{88A7044B-487B-4D42-9A51-10F4B9451811}.Debug|Win32.Build.0 = Debug|Win32
		{88A7044B-487B-4D42-9A51-10F4B9451811}.Release|Win32.ActiveCfg = Release|Win32
		{88A7044B-487B-4D42-9A51-10F4B9451811}.Release|Win32.Build.0 = Release|Win32
	EndGlobalSection
	GlobalSection(SolutionProperties) = preSolution
		HideSolutionNode = FALSE
	EndGlobalSection
EndGlobal
